
Microsoft Visual Studio Solution File, Format Version 12.00
# Visual Studio Version 16
VisualStudioVersion = 16.0.29009.5
MinimumVisualStudioVersion = 10.0.40219.1
Project("{FAE04EC0-301F-11D3-BF4B-00C04F79EFBC}") = "KesselRun", "KesselRun.csproj", "{9A5597D5-AE4F-4AD1-BF68-229313507191}"
EndProject
Project("{FAE04EC0-301F-11D3-BF4B-00C04F79EFBC}") = "KesselRunTest", "KesselRunTest\KesselRunTest.csproj", "{D5116309-E406-415B-990D-50AC2776E21D}"
EndProject
Global
	GlobalSection(SolutionConfigurationPlatforms) = preSolution
		Debug|Any CPU = Debug|Any CPU
		Release|Any CPU = Release|Any CPU
	EndGlobalSection
	GlobalSection(ProjectConfigurationPlatforms) = postSolution
		{9A5597D5-AE4F-4AD1-BF68-229313507191}.Debug|Any CPU.ActiveCfg = Debug|Any CPU
		{9A5597D5-AE4F-4AD1-BF68-229313507191}.Debug|Any CPU.Build.0 = Debug|Any CPU
		{9A5597D5-AE4F-4AD1-BF68-229313507191}.Release|Any CPU.ActiveCfg = Release|Any CPU
		{9A5597D5-AE4F-4AD1-BF68-229313507191}.Release|Any CPU.Build.0 = Release|Any CPU
		{D5116309-E406-415B-990D-50AC2776E21D}.Debug|Any CPU.ActiveCfg = Debug|Any CPU
		{D5116309-E406-415B-990D-50AC2776E21D}.Debug|Any CPU.Build.0 = Debug|Any CPU
		{D5116309-E406-415B-990D-50AC2776E21D}.Release|Any CPU.ActiveCfg = Release|Any CPU
		{D5116309-E406-415B-990D-50AC2776E21D}.Release|Any CPU.Build.0 = Release|Any CPU
	EndGlobalSection
	GlobalSection(SolutionProperties) = preSolution
		HideSolutionNode = FALSE
	EndGlobalSection
	GlobalSection(ExtensibilityGlobals) = postSolution
		SolutionGuid = {33C99D43-1EE4-48D8-A4B7-A1254D1BE549}
	EndGlobalSection
EndGlobal
